# This file was autogenerated by uv via the following command:
#    uv pip compile requirements-dev.txt -o requirements-dev.lock
colorama==0.4.6
    # via pytest
iniconfig==2.3.0
    # via pytest
packaging==26.3
    # via pytest
pluggy==1.6.0
    # via pytest
psutil==7.2.2
    # via -r requirements.txt
pygments==2.20.0
    # via pytest
pyside6==6.11.1
    # via -r requirements.txt
pyside6-addons==6.11.1
    # via pyside6
pyside6-essentials==6.11.1
    # via
    #   pyside6
    #   pyside6-addons
pytest==9.1.1
    # via -r requirements-dev.txt
pywin32==312
    # via -r requirements.txt
scapy==2.7.0
    # via -r requirements.txt
shiboken6==6.11.1
    # via
    #   pyside6
    #   pyside6-addons
    #   pyside6-essentials
